
Microsoft Visual Studio Solution File, Format Version 12.00
# Visual Studio 15
VisualStudioVersion = 15.0.28010.2036
MinimumVisualStudioVersion = 10.0.40219.1
Project("{FAE04EC0-301F-11D3-BF4B-00C04F79EFBC}") = "ConceptualGame", "ConceptualGame\ConceptualGame.csproj", "{13006B9F-1195-489B-B7B2-B4B14486EA51}"
EndProject
Global
	GlobalSection(SolutionConfigurationPlatforms) = preSolution
		Debug|Any CPU = Debug|Any CPU
		Release|Any CPU = Release|Any CPU
	EndGlobalSection
	GlobalSection(ProjectConfigurationPlatforms) = postSolution
		{13006B9F-1195-489B-B7B2-B4B14486EA51}.Debug|Any CPU.ActiveCfg = Debug|Any CPU
		{13006B9F-1195-489B-B7B2-B4B14486EA51}.Debug|Any CPU.Build.0 = Debug|Any CPU
		{13006B9F-1195-489B-B7B2-B4B14486EA51}.Release|Any CPU.ActiveCfg = Release|Any CPU
		{13006B9F-1195-489B-B7B2-B4B14486EA51}.Release|Any CPU.Build.0 = Release|Any CPU
	EndGlobalSection
	GlobalSection(SolutionProperties) = preSolution
		HideSolutionNode = FALSE
	EndGlobalSection
	GlobalSection(ExtensibilityGlobals) = postSolution
		SolutionGuid = {BB613D75-E5EE-4591-B4A0-B6CC26D904BD}
	EndGlobalSection
EndGlobal
